<?xml version="1.0" encoding="UTF-8" standalone="yes" ?>
<CodeBlocks_project_file>
	<FileVersion major="1" minor="6" />
	<Project>
		<Option title="2048-sdl" />
		<Option pch_mode="2" />
		<Option compiler="gcc" />
		<Build>
			<Target title="Debug">
				<Option output="bin/Debug/2048-sdl" prefix_auto="1" extension_auto="1" />
				<Option object_output="obj/Debug/" />
				<Option type="1" />
				<Option compiler="gcc" />
				<Compiler>
					<Add option="-g" />
				</Compiler>
			</Target>
			<Target title="Release">
				<Option output="bin/Release/2048-sdl" prefix_auto="1" extension_auto="1" />
				<Option object_output="obj/Release/" />
				<Option type="0" />
				<Option compiler="gcc" />
				<Compiler>
					<Add option="-O2" />
				</Compiler>
				<Linker>
					<Add option="-s" />
				</Linker>
			</Target>
			<Environment>
				<Variable name="SDL_BIN" value="D:\ProgramFiles\CodeBlocks1211\MinGW\3rd\SDL2-2.0.0\i686-w64-mingw32\bin" />
			</Environment>
		</Build>
		<Compiler>
			<Add option="-Wall" />
			<Add directory="D:/ProgramFiles/CodeBlocks1211/MinGW/3rd/SDL2-2.0.9/i686-w64-mingw32/include" />
			<Add directory="D:/ProgramFiles/CodeBlocks1211/MinGW/3rd/SDL2_image-2.0.4/i686-w64-mingw32/include" />
			<Add directory="D:/ProgramFiles/CodeBlocks1211/MinGW/3rd/SDL2_ttf-2.0.15/i686-w64-mingw32/include" />
			<Add directory="D:/ProgramFiles/CodeBlocks1211/MinGW/3rd/SDL2_mixer-2.0.4/i686-w64-mingw32/include" />
		</Compiler>
		<Linker>
			<Add option="-lmingw32 -lSDL2main -lSDL2 -lSDL2_image" />
			<Add option="-lSDL2_ttf" />
			<Add option="-lSDL2_mixer" />
			<Add directory="D:/ProgramFiles/CodeBlocks1211/MinGW/3rd/SDL2-2.0.9/i686-w64-mingw32/lib" />
			<Add directory="D:/ProgramFiles/CodeBlocks1211/MinGW/3rd/SDL2_image-2.0.4/i686-w64-mingw32/lib" />
			<Add directory="D:/ProgramFiles/CodeBlocks1211/MinGW/3rd/SDL2_ttf-2.0.15/i686-w64-mingw32/lib" />
			<Add directory="D:/ProgramFiles/CodeBlocks1211/MinGW/3rd/SDL2_mixer-2.0.4/i686-w64-mingw32/lib" />
		</Linker>
		<Unit filename="cb.bmp" />
		<Unit filename="include/Tile.h" />
		<Unit filename="include/TileBoard.h" />
		<Unit filename="main.cpp" />
		<Unit filename="src/Tile.cpp" />
		<Unit filename="src/TileBoard.cpp" />
		<Extensions>
			<code_completion />
			<envvars set="sdl" />
			<debugger />
			<lib_finder disable_auto="1" />
			<DoxyBlocks>
				<comment_style block="0" line="0" />
				<doxyfile_project />
				<doxyfile_build />
				<doxyfile_warnings />
				<doxyfile_output />
				<doxyfile_dot />
				<general />
			</DoxyBlocks>
		</Extensions>
	</Project>
</CodeBlocks_project_file>
